
Microsoft Visual Studio Solution File, Format Version 12.00
# Visual Studio Version 18
VisualStudioVersion = 18.3.11222.16
MinimumVisualStudioVersion = 10.0.40219.1
Project("{2150E333-8FDC-42A3-9474-1A3956D46DE8}") = "src", "src", "{827E0CD3-B72D-47B6-A68D-7590B98EB39B}"
EndProject
Project("{FAE04EC0-301F-11D3-BF4B-00C04F79EFBC}") = "Zyga.SeriRestClient", "src\Zyga.SeriRestClient\Zyga.SeriRestClient.csproj", "{D423DD20-8772-44E0-8273-1016536A0972}"
EndProject
Global
	GlobalSection(SolutionConfigurationPlatforms) = preSolution
		Debug|Any CPU = Debug|Any CPU
		Debug|x64 = Debug|x64
		Debug|x86 = Debug|x86
		Release|Any CPU = Release|Any CPU
		Release|x64 = Release|x64
		Release|x86 = Release|x86
	EndGlobalSection
	GlobalSection(ProjectConfigurationPlatforms) = postSolution
		{D423DD20-8772-44E0-8273-1016536A0972}.Debug|Any CPU.ActiveCfg = Debug|Any CPU
		{D423DD20-8772-44E0-8273-1016536A0972}.Debug|Any CPU.Build.0 = Debug|Any CPU
		{D423DD20-8772-44E0-8273-1016536A0972}.Debug|x64.ActiveCfg = Debug|Any CPU
		{D423DD20-8772-44E0-8273-1016536A0972}.Debug|x64.Build.0 = Debug|Any CPU
		{D423DD20-8772-44E0-8273-1016536A0972}.Debug|x86.ActiveCfg = Debug|Any CPU
		{D423DD20-8772-44E0-8273-1016536A0972}.Debug|x86.Build.0 = Debug|Any CPU
		{D423DD20-8772-44E0-8273-1016536A0972}.Release|Any CPU.ActiveCfg = Release|Any CPU
		{D423DD20-8772-44E0-8273-1016536A0972}.Release|Any CPU.Build.0 = Release|Any CPU
		{D423DD20-8772-44E0-8273-1016536A0972}.Release|x64.ActiveCfg = Release|Any CPU
		{D423DD20-8772-44E0-8273-1016536A0972}.Release|x64.Build.0 = Release|Any CPU
		{D423DD20-8772-44E0-8273-1016536A0972}.Release|x86.ActiveCfg = Release|Any CPU
		{D423DD20-8772-44E0-8273-1016536A0972}.Release|x86.Build.0 = Release|Any CPU
	EndGlobalSection
	GlobalSection(SolutionProperties) = preSolution
		HideSolutionNode = FALSE
	EndGlobalSection
	GlobalSection(NestedProjects) = preSolution
		{D423DD20-8772-44E0-8273-1016536A0972} = {827E0CD3-B72D-47B6-A68D-7590B98EB39B}
	EndGlobalSection
EndGlobal
